
Microsoft Visual Studio Solution File, Format Version 12.00
# Visual Studio Version 18
VisualStudioVersion = 18.0.11018.127 d18.0
MinimumVisualStudioVersion = 10.0.40219.1
Project("{2150E333-8FDC-42A3-9474-1A3956D46DE8}") = "src", "src", "{02EA681E-C7D8-13C7-8484-4AC65E1B71E8}"
EndProject
Project("{2150E333-8FDC-42A3-9474-1A3956D46DE8}") = "services", "services", "{BF75DE78-9073-490B-B010-04412D36A0FB}"
EndProject
Project("{2150E333-8FDC-42A3-9474-1A3956D46DE8}") = "catalog", "catalog", "{974F2500-E8FA-49F0-9BE1-42C34EE0E42C}"
EndProject
Project("{FAE04EC0-301F-11D3-BF4B-00C04F79EFBC}") = "Microservice.Catalog.Api", "Microservice.Catalog.Api\Microservice.Catalog.Api.csproj", "{B3259B42-8E82-431A-90E6-E8B6F040C377}"
EndProject
Project("{E53339B2-1760-4266-BCC7-CA923CBCF16C}") = "docker-compose", "docker-compose.dcproj", "{81DDED9D-158B-E303-5F62-77A2896D2A5A}"
EndProject
Project("{2150E333-8FDC-42A3-9474-1A3956D46DE8}") = "shared", "shared", "{2C9B740F-F96A-4AF3-B33D-286378471117}"
EndProject
Project("{FAE04EC0-301F-11D3-BF4B-00C04F79EFBC}") = "Microservice.Shared", "..\Microservice.Shared\Microservice.Shared.csproj", "{722F169F-5BC2-4D81-8998-CF4303553EA9}"
EndProject
Project("{2150E333-8FDC-42A3-9474-1A3956D46DE8}") = "discount", "discount", "{42EE0D93-09D7-4237-8EB2-8BA633C41B74}"
EndProject
Project("{FAE04EC0-301F-11D3-BF4B-00C04F79EFBC}") = "Mikroservice.Discount.Api", "Mikroservice.Discount.Api\Mikroservice.Discount.Api.csproj", "{E57813A4-EE93-47C9-8219-F49316FF1285}"
EndProject
Project("{2150E333-8FDC-42A3-9474-1A3956D46DE8}") = "basket", "basket", "{6D217BCF-2E69-4517-874A-8E8E1A697AB6}"
EndProject
Project("{FAE04EC0-301F-11D3-BF4B-00C04F79EFBC}") = "Microservice.Basket.Api", "Microservice.Basket.Api\Microservice.Basket.Api.csproj", "{8A34ADB5-93EB-4980-8174-183578CE9361}"
EndProject
Project("{2150E333-8FDC-42A3-9474-1A3956D46DE8}") = "file", "file", "{4F3EAE46-0895-4B9B-B088-E98DD2B28D73}"
EndProject
Project("{FAE04EC0-301F-11D3-BF4B-00C04F79EFBC}") = "Microservice.File.Api", "Microservice.File.Api\Microservice.File.Api.csproj", "{C2E791EA-06FB-4E55-8382-1A147068775E}"
EndProject
Global
	GlobalSection(SolutionConfigurationPlatforms) = preSolution
		Debug|Any CPU = Debug|Any CPU
		Release|Any CPU = Release|Any CPU
	EndGlobalSection
	GlobalSection(ProjectConfigurationPlatforms) = postSolution
		{B3259B42-8E82-431A-90E6-E8B6F040C377}.Debug|Any CPU.ActiveCfg = Debug|Any CPU
		{B3259B42-8E82-431A-90E6-E8B6F040C377}.Debug|Any CPU.Build.0 = Debug|Any CPU
		{B3259B42-8E82-431A-90E6-E8B6F040C377}.Release|Any CPU.ActiveCfg = Release|Any CPU
		{B3259B42-8E82-431A-90E6-E8B6F040C377}.Release|Any CPU.Build.0 = Release|Any CPU
		{81DDED9D-158B-E303-5F62-77A2896D2A5A}.Debug|Any CPU.ActiveCfg = Debug|Any CPU
		{81DDED9D-158B-E303-5F62-77A2896D2A5A}.Debug|Any CPU.Build.0 = Debug|Any CPU
		{81DDED9D-158B-E303-5F62-77A2896D2A5A}.Release|Any CPU.ActiveCfg = Release|Any CPU
		{81DDED9D-158B-E303-5F62-77A2896D2A5A}.Release|Any CPU.Build.0 = Release|Any CPU
		{722F169F-5BC2-4D81-8998-CF4303553EA9}.Debug|Any CPU.ActiveCfg = Debug|Any CPU
		{722F169F-5BC2-4D81-8998-CF4303553EA9}.Debug|Any CPU.Build.0 = Debug|Any CPU
		{722F169F-5BC2-4D81-8998-CF4303553EA9}.Release|Any CPU.ActiveCfg = Release|Any CPU
		{722F169F-5BC2-4D81-8998-CF4303553EA9}.Release|Any CPU.Build.0 = Release|Any CPU
		{E57813A4-EE93-47C9-8219-F49316FF1285}.Debug|Any CPU.ActiveCfg = Debug|Any CPU
		{E57813A4-EE93-47C9-8219-F49316FF1285}.Debug|Any CPU.Build.0 = Debug|Any CPU
		{E57813A4-EE93-47C9-8219-F49316FF1285}.Release|Any CPU.ActiveCfg = Release|Any CPU
		{E57813A4-EE93-47C9-8219-F49316FF1285}.Release|Any CPU.Build.0 = Release|Any CPU
		{8A34ADB5-93EB-4980-8174-183578CE9361}.Debug|Any CPU.ActiveCfg = Debug|Any CPU
		{8A34ADB5-93EB-4980-8174-183578CE9361}.Debug|Any CPU.Build.0 = Debug|Any CPU
		{8A34ADB5-93EB-4980-8174-183578CE9361}.Release|Any CPU.ActiveCfg = Release|Any CPU
		{8A34ADB5-93EB-4980-8174-183578CE9361}.Release|Any CPU.Build.0 = Release|Any CPU
		{C2E791EA-06FB-4E55-8382-1A147068775E}.Debug|Any CPU.ActiveCfg = Debug|Any CPU
		{C2E791EA-06FB-4E55-8382-1A147068775E}.Debug|Any CPU.Build.0 = Debug|Any CPU
		{C2E791EA-06FB-4E55-8382-1A147068775E}.Release|Any CPU.ActiveCfg = Release|Any CPU
		{C2E791EA-06FB-4E55-8382-1A147068775E}.Release|Any CPU.Build.0 = Release|Any CPU
	EndGlobalSection
	GlobalSection(SolutionProperties) = preSolution
		HideSolutionNode = FALSE
	EndGlobalSection
	GlobalSection(NestedProjects) = preSolution
		{BF75DE78-9073-490B-B010-04412D36A0FB} = {02EA681E-C7D8-13C7-8484-4AC65E1B71E8}
		{974F2500-E8FA-49F0-9BE1-42C34EE0E42C} = {BF75DE78-9073-490B-B010-04412D36A0FB}
		{B3259B42-8E82-431A-90E6-E8B6F040C377} = {974F2500-E8FA-49F0-9BE1-42C34EE0E42C}
		{2C9B740F-F96A-4AF3-B33D-286378471117} = {02EA681E-C7D8-13C7-8484-4AC65E1B71E8}
		{722F169F-5BC2-4D81-8998-CF4303553EA9} = {2C9B740F-F96A-4AF3-B33D-286378471117}
		{42EE0D93-09D7-4237-8EB2-8BA633C41B74} = {BF75DE78-9073-490B-B010-04412D36A0FB}
		{E57813A4-EE93-47C9-8219-F49316FF1285} = {42EE0D93-09D7-4237-8EB2-8BA633C41B74}
		{6D217BCF-2E69-4517-874A-8E8E1A697AB6} = {BF75DE78-9073-490B-B010-04412D36A0FB}
		{8A34ADB5-93EB-4980-8174-183578CE9361} = {6D217BCF-2E69-4517-874A-8E8E1A697AB6}
		{4F3EAE46-0895-4B9B-B088-E98DD2B28D73} = {BF75DE78-9073-490B-B010-04412D36A0FB}
		{C2E791EA-06FB-4E55-8382-1A147068775E} = {4F3EAE46-0895-4B9B-B088-E98DD2B28D73}
	EndGlobalSection
	GlobalSection(ExtensibilityGlobals) = postSolution
		SolutionGuid = {3295D5D9-D4C4-44F2-B2DC-3CF2EE8D7E00}
	EndGlobalSection
EndGlobal
